
Microsoft Visual Studio Solution File, Format Version 12.00
# Visual Studio Version 16
VisualStudioVersion = 16.0.29418.71
MinimumVisualStudioVersion = 10.0.40219.1
Project("{9A19103F-16F7-4668-BE54-9A1E7A4F7556}") = "Qualifier", "hashcode2020qualifier\Qualifier.csproj", "{766646D3-F8C9-48E9-BBDE-5C5A9C5BAE76}"
EndProject
Global
	GlobalSection(SolutionConfigurationPlatforms) = preSolution
		Debug|Any CPU = Debug|Any CPU
		Release|Any CPU = Release|Any CPU
	EndGlobalSection
	GlobalSection(ProjectConfigurationPlatforms) = postSolution
		{766646D3-F8C9-48E9-BBDE-5C5A9C5BAE76}.Debug|Any CPU.ActiveCfg = Debug|Any CPU
		{766646D3-F8C9-48E9-BBDE-5C5A9C5BAE76}.Debug|Any CPU.Build.0 = Debug|Any CPU
		{766646D3-F8C9-48E9-BBDE-5C5A9C5BAE76}.Release|Any CPU.ActiveCfg = Release|Any CPU
		{766646D3-F8C9-48E9-BBDE-5C5A9C5BAE76}.Release|Any CPU.Build.0 = Release|Any CPU
	EndGlobalSection
	GlobalSection(SolutionProperties) = preSolution
		HideSolutionNode = FALSE
	EndGlobalSection
	GlobalSection(ExtensibilityGlobals) = postSolution
		SolutionGuid = {C943CC6C-4D06-47DF-9F0D-4B4F4D348013}
	EndGlobalSection
EndGlobal
